
Microsoft Visual Studio Solution File, Format Version 12.00
# Visual Studio Version 17
VisualStudioVersion = 17.4.33103.184
MinimumVisualStudioVersion = 10.0.40219.1
Project("{FAE04EC0-301F-11D3-BF4B-00C04F79EFBC}") = "URIS_OGLAS_IT72", "URIS_OGLAS_IT72\URIS_OGLAS_IT72.csproj", "{5F5F5CA1-66ED-44FD-84AA-7474F61B077C}"
EndProject
Global
	GlobalSection(SolutionConfigurationPlatforms) = preSolution
		Debug|Any CPU = Debug|Any CPU
		Release|Any CPU = Release|Any CPU
	EndGlobalSection
	GlobalSection(ProjectConfigurationPlatforms) = postSolution
		{5F5F5CA1-66ED-44FD-84AA-7474F61B077C}.Debug|Any CPU.ActiveCfg = Debug|Any CPU
		{5F5F5CA1-66ED-44FD-84AA-7474F61B077C}.Debug|Any CPU.Build.0 = Debug|Any CPU
		{5F5F5CA1-66ED-44FD-84AA-7474F61B077C}.Release|Any CPU.ActiveCfg = Release|Any CPU
		{5F5F5CA1-66ED-44FD-84AA-7474F61B077C}.Release|Any CPU.Build.0 = Release|Any CPU
	EndGlobalSection
	GlobalSection(SolutionProperties) = preSolution
		HideSolutionNode = FALSE
	EndGlobalSection
	GlobalSection(ExtensibilityGlobals) = postSolution
		SolutionGuid = {5A6ED01C-7C2F-4047-A0A2-972A2E8599E9}
	EndGlobalSection
EndGlobal
