
Microsoft Visual Studio Solution File, Format Version 12.00
# Visual Studio Version 17
VisualStudioVersion = 17.4.33103.184
MinimumVisualStudioVersion = 10.0.40219.1
Project("{FAE04EC0-301F-11D3-BF4B-00C04F79EFBC}") = "Township", "Township\Township.csproj", "{7F422E86-4AEC-4167-84E7-8B817AF5DA17}"
EndProject
Global
	GlobalSection(SolutionConfigurationPlatforms) = preSolution
		Debug|Any CPU = Debug|Any CPU
		Release|Any CPU = Release|Any CPU
	EndGlobalSection
	GlobalSection(ProjectConfigurationPlatforms) = postSolution
		{7F422E86-4AEC-4167-84E7-8B817AF5DA17}.Debug|Any CPU.ActiveCfg = Debug|Any CPU
		{7F422E86-4AEC-4167-84E7-8B817AF5DA17}.Debug|Any CPU.Build.0 = Debug|Any CPU
		{7F422E86-4AEC-4167-84E7-8B817AF5DA17}.Release|Any CPU.ActiveCfg = Release|Any CPU
		{7F422E86-4AEC-4167-84E7-8B817AF5DA17}.Release|Any CPU.Build.0 = Release|Any CPU
	EndGlobalSection
	GlobalSection(SolutionProperties) = preSolution
		HideSolutionNode = FALSE
	EndGlobalSection
	GlobalSection(ExtensibilityGlobals) = postSolution
		SolutionGuid = {B0643A10-F5C5-4AD8-A8D6-76C759A6EAD9}
	EndGlobalSection
EndGlobal
