
Microsoft Visual Studio Solution File, Format Version 12.00
# Visual Studio Version 17
VisualStudioVersion = 17.4.33213.308
MinimumVisualStudioVersion = 10.0.40219.1
Project("{9A19103F-16F7-4668-BE54-9A1E7A4F7556}") = "URIS_ProtectedZone_IT67-2019", "URIS_ProtectedZone_IT67-2019\URIS_ProtectedZone_IT67-2019.csproj", "{D5E8572E-1F4B-418F-A947-FBB542A3DFEA}"
EndProject
Global
	GlobalSection(SolutionConfigurationPlatforms) = preSolution
		Debug|Any CPU = Debug|Any CPU
		Release|Any CPU = Release|Any CPU
	EndGlobalSection
	GlobalSection(ProjectConfigurationPlatforms) = postSolution
		{D5E8572E-1F4B-418F-A947-FBB542A3DFEA}.Debug|Any CPU.ActiveCfg = Debug|Any CPU
		{D5E8572E-1F4B-418F-A947-FBB542A3DFEA}.Debug|Any CPU.Build.0 = Debug|Any CPU
		{D5E8572E-1F4B-418F-A947-FBB542A3DFEA}.Release|Any CPU.ActiveCfg = Release|Any CPU
		{D5E8572E-1F4B-418F-A947-FBB542A3DFEA}.Release|Any CPU.Build.0 = Release|Any CPU
	EndGlobalSection
	GlobalSection(SolutionProperties) = preSolution
		HideSolutionNode = FALSE
	EndGlobalSection
	GlobalSection(ExtensibilityGlobals) = postSolution
		SolutionGuid = {12390457-D3AD-466A-A0C0-421F9BA037DF}
	EndGlobalSection
EndGlobal
