
Microsoft Visual Studio Solution File, Format Version 12.00
# Visual Studio Version 17
VisualStudioVersion = 17.4.33103.184
MinimumVisualStudioVersion = 10.0.40219.1
Project("{FAE04EC0-301F-11D3-BF4B-00C04F79EFBC}") = "Korisnik_projekat", "Korisnik_projekat\Korisnik_projekat.csproj", "{0C40C119-F23D-48A6-A8AD-B093E1E1140F}"
EndProject
Global
	GlobalSection(SolutionConfigurationPlatforms) = preSolution
		Debug|Any CPU = Debug|Any CPU
		Release|Any CPU = Release|Any CPU
	EndGlobalSection
	GlobalSection(ProjectConfigurationPlatforms) = postSolution
		{0C40C119-F23D-48A6-A8AD-B093E1E1140F}.Debug|Any CPU.ActiveCfg = Debug|Any CPU
		{0C40C119-F23D-48A6-A8AD-B093E1E1140F}.Debug|Any CPU.Build.0 = Debug|Any CPU
		{0C40C119-F23D-48A6-A8AD-B093E1E1140F}.Release|Any CPU.ActiveCfg = Release|Any CPU
		{0C40C119-F23D-48A6-A8AD-B093E1E1140F}.Release|Any CPU.Build.0 = Release|Any CPU
	EndGlobalSection
	GlobalSection(SolutionProperties) = preSolution
		HideSolutionNode = FALSE
	EndGlobalSection
	GlobalSection(ExtensibilityGlobals) = postSolution
		SolutionGuid = {DA75CA6B-AD40-4823-94DC-1C513222DC4F}
	EndGlobalSection
EndGlobal
