
Microsoft Visual Studio Solution File, Format Version 12.00
# Visual Studio Version 17
VisualStudioVersion = 17.4.33213.308
MinimumVisualStudioVersion = 10.0.40219.1
Project("{FAE04EC0-301F-11D3-BF4B-00C04F79EFBC}") = "URIS_Ministry_IT67-2019", "URIS_Ministry_IT67-2019\URIS_Ministry_IT67-2019.csproj", "{0D79ABFF-5B2B-4E93-B008-E281B3E04B72}"
EndProject
Global
	GlobalSection(SolutionConfigurationPlatforms) = preSolution
		Debug|Any CPU = Debug|Any CPU
		Release|Any CPU = Release|Any CPU
	EndGlobalSection
	GlobalSection(ProjectConfigurationPlatforms) = postSolution
		{0D79ABFF-5B2B-4E93-B008-E281B3E04B72}.Debug|Any CPU.ActiveCfg = Debug|Any CPU
		{0D79ABFF-5B2B-4E93-B008-E281B3E04B72}.Debug|Any CPU.Build.0 = Debug|Any CPU
		{0D79ABFF-5B2B-4E93-B008-E281B3E04B72}.Release|Any CPU.ActiveCfg = Release|Any CPU
		{0D79ABFF-5B2B-4E93-B008-E281B3E04B72}.Release|Any CPU.Build.0 = Release|Any CPU
	EndGlobalSection
	GlobalSection(SolutionProperties) = preSolution
		HideSolutionNode = FALSE
	EndGlobalSection
	GlobalSection(ExtensibilityGlobals) = postSolution
		SolutionGuid = {23E5CF1B-C6AA-4E9F-A3BC-9E7F8099D61E}
	EndGlobalSection
EndGlobal
